
Microsoft Visual Studio Solution File, Format Version 12.00
# Visual Studio Version 16
VisualStudioVersion = 16.0.30717.126
MinimumVisualStudioVersion = 15.0.26124.0
Project("{2150E333-8FDC-42A3-9474-1A3956D46DE8}") = "WebAPI", "WebAPI", "{E0B7AA32-EFE0-4199-A703-454F5CC34063}"
EndProject
Project("{9A19103F-16F7-4668-BE54-9A1E7A4F7556}") = "FoodToGo.WebAPI", "WebAPI\FoodToGo.WebAPI\FoodToGo.WebAPI.csproj", "{C06DB493-E398-411C-93B0-8EB3A26969A9}"
EndProject
Project("{2150E333-8FDC-42A3-9474-1A3956D46DE8}") = "Domain", "Domain", "{D9ED2996-56EB-4D8F-B92C-2F440E6DAEF8}"
EndProject
Project("{9A19103F-16F7-4668-BE54-9A1E7A4F7556}") = "FoodToGo.Domain", "Domain\FoodToGo.Domain\FoodToGo.Domain.csproj", "{5869752F-D607-4EA8-AEBF-7F0371908B61}"
EndProject
Project("{2150E333-8FDC-42A3-9474-1A3956D46DE8}") = "Services", "Services", "{58748D27-B582-4E9A-95AC-B3F621342496}"
EndProject
Project("{9A19103F-16F7-4668-BE54-9A1E7A4F7556}") = "FoodToGo.Services", "Services\FoodToGo.Services\FoodToGo.Services.csproj", "{938A9817-B442-4EB7-ADAE-06D783CAE7BB}"
EndProject
Project("{2150E333-8FDC-42A3-9474-1A3956D46DE8}") = "WebAPI", "WebAPI", "{1BB59FF7-3742-4E2F-A83E-7779D27D3FC0}"
	ProjectSection(SolutionItems) = preProject
		Domain\FoodToGo.Domain\OrderGetRequest.cs = Domain\FoodToGo.Domain\OrderGetRequest.cs
		Domain\FoodToGo.Domain\OrderGetResponse.cs = Domain\FoodToGo.Domain\OrderGetResponse.cs
	EndProjectSection
EndProject
Project("{2150E333-8FDC-42A3-9474-1A3956D46DE8}") = "Repository", "Repository", "{F4493D1A-CD26-442A-AF5C-4CDF3B21E282}"
EndProject
Project("{FAE04EC0-301F-11D3-BF4B-00C04F79EFBC}") = "FoodToGo.Repositories", "Repository\FoodToGo.Repositories\FoodToGo.Repositories.csproj", "{62EA47D2-8F0C-4E15-84A3-F94E66E914AB}"
EndProject
Global
	GlobalSection(SolutionConfigurationPlatforms) = preSolution
		Debug|Any CPU = Debug|Any CPU
		Debug|x64 = Debug|x64
		Debug|x86 = Debug|x86
		Release|Any CPU = Release|Any CPU
		Release|x64 = Release|x64
		Release|x86 = Release|x86
	EndGlobalSection
	GlobalSection(ProjectConfigurationPlatforms) = postSolution
		{C06DB493-E398-411C-93B0-8EB3A26969A9}.Debug|Any CPU.ActiveCfg = Debug|Any CPU
		{C06DB493-E398-411C-93B0-8EB3A26969A9}.Debug|Any CPU.Build.0 = Debug|Any CPU
		{C06DB493-E398-411C-93B0-8EB3A26969A9}.Debug|x64.ActiveCfg = Debug|Any CPU
		{C06DB493-E398-411C-93B0-8EB3A26969A9}.Debug|x64.Build.0 = Debug|Any CPU
		{C06DB493-E398-411C-93B0-8EB3A26969A9}.Debug|x86.ActiveCfg = Debug|Any CPU
		{C06DB493-E398-411C-93B0-8EB3A26969A9}.Debug|x86.Build.0 = Debug|Any CPU
		{C06DB493-E398-411C-93B0-8EB3A26969A9}.Release|Any CPU.ActiveCfg = Release|Any CPU
		{C06DB493-E398-411C-93B0-8EB3A26969A9}.Release|Any CPU.Build.0 = Release|Any CPU
		{C06DB493-E398-411C-93B0-8EB3A26969A9}.Release|x64.ActiveCfg = Release|Any CPU
		{C06DB493-E398-411C-93B0-8EB3A26969A9}.Release|x64.Build.0 = Release|Any CPU
		{C06DB493-E398-411C-93B0-8EB3A26969A9}.Release|x86.ActiveCfg = Release|Any CPU
		{C06DB493-E398-411C-93B0-8EB3A26969A9}.Release|x86.Build.0 = Release|Any CPU
		{5869752F-D607-4EA8-AEBF-7F0371908B61}.Debug|Any CPU.ActiveCfg = Debug|Any CPU
		{5869752F-D607-4EA8-AEBF-7F0371908B61}.Debug|Any CPU.Build.0 = Debug|Any CPU
		{5869752F-D607-4EA8-AEBF-7F0371908B61}.Debug|x64.ActiveCfg = Debug|Any CPU
		{5869752F-D607-4EA8-AEBF-7F0371908B61}.Debug|x64.Build.0 = Debug|Any CPU
		{5869752F-D607-4EA8-AEBF-7F0371908B61}.Debug|x86.ActiveCfg = Debug|Any CPU
		{5869752F-D607-4EA8-AEBF-7F0371908B61}.Debug|x86.Build.0 = Debug|Any CPU
		{5869752F-D607-4EA8-AEBF-7F0371908B61}.Release|Any CPU.ActiveCfg = Release|Any CPU
		{5869752F-D607-4EA8-AEBF-7F0371908B61}.Release|Any CPU.Build.0 = Release|Any CPU
		{5869752F-D607-4EA8-AEBF-7F0371908B61}.Release|x64.ActiveCfg = Release|Any CPU
		{5869752F-D607-4EA8-AEBF-7F0371908B61}.Release|x64.Build.0 = Release|Any CPU
		{5869752F-D607-4EA8-AEBF-7F0371908B61}.Release|x86.ActiveCfg = Release|Any CPU
		{5869752F-D607-4EA8-AEBF-7F0371908B61}.Release|x86.Build.0 = Release|Any CPU
		{938A9817-B442-4EB7-ADAE-06D783CAE7BB}.Debug|Any CPU.ActiveCfg = Debug|Any CPU
		{938A9817-B442-4EB7-ADAE-06D783CAE7BB}.Debug|Any CPU.Build.0 = Debug|Any CPU
		{938A9817-B442-4EB7-ADAE-06D783CAE7BB}.Debug|x64.ActiveCfg = Debug|Any CPU
		{938A9817-B442-4EB7-ADAE-06D783CAE7BB}.Debug|x64.Build.0 = Debug|Any CPU
		{938A9817-B442-4EB7-ADAE-06D783CAE7BB}.Debug|x86.ActiveCfg = Debug|Any CPU
		{938A9817-B442-4EB7-ADAE-06D783CAE7BB}.Debug|x86.Build.0 = Debug|Any CPU
		{938A9817-B442-4EB7-ADAE-06D783CAE7BB}.Release|Any CPU.ActiveCfg = Release|Any CPU
		{938A9817-B442-4EB7-ADAE-06D783CAE7BB}.Release|Any CPU.Build.0 = Release|Any CPU
		{938A9817-B442-4EB7-ADAE-06D783CAE7BB}.Release|x64.ActiveCfg = Release|Any CPU
		{938A9817-B442-4EB7-ADAE-06D783CAE7BB}.Release|x64.Build.0 = Release|Any CPU
		{938A9817-B442-4EB7-ADAE-06D783CAE7BB}.Release|x86.ActiveCfg = Release|Any CPU
		{938A9817-B442-4EB7-ADAE-06D783CAE7BB}.Release|x86.Build.0 = Release|Any CPU
		{62EA47D2-8F0C-4E15-84A3-F94E66E914AB}.Debug|Any CPU.ActiveCfg = Debug|Any CPU
		{62EA47D2-8F0C-4E15-84A3-F94E66E914AB}.Debug|Any CPU.Build.0 = Debug|Any CPU
		{62EA47D2-8F0C-4E15-84A3-F94E66E914AB}.Debug|x64.ActiveCfg = Debug|Any CPU
		{62EA47D2-8F0C-4E15-84A3-F94E66E914AB}.Debug|x64.Build.0 = Debug|Any CPU
		{62EA47D2-8F0C-4E15-84A3-F94E66E914AB}.Debug|x86.ActiveCfg = Debug|Any CPU
		{62EA47D2-8F0C-4E15-84A3-F94E66E914AB}.Debug|x86.Build.0 = Debug|Any CPU
		{62EA47D2-8F0C-4E15-84A3-F94E66E914AB}.Release|Any CPU.ActiveCfg = Release|Any CPU
		{62EA47D2-8F0C-4E15-84A3-F94E66E914AB}.Release|Any CPU.Build.0 = Release|Any CPU
		{62EA47D2-8F0C-4E15-84A3-F94E66E914AB}.Release|x64.ActiveCfg = Release|Any CPU
		{62EA47D2-8F0C-4E15-84A3-F94E66E914AB}.Release|x64.Build.0 = Release|Any CPU
		{62EA47D2-8F0C-4E15-84A3-F94E66E914AB}.Release|x86.ActiveCfg = Release|Any CPU
		{62EA47D2-8F0C-4E15-84A3-F94E66E914AB}.Release|x86.Build.0 = Release|Any CPU
	EndGlobalSection
	GlobalSection(SolutionProperties) = preSolution
		HideSolutionNode = FALSE
	EndGlobalSection
	GlobalSection(NestedProjects) = preSolution
		{C06DB493-E398-411C-93B0-8EB3A26969A9} = {E0B7AA32-EFE0-4199-A703-454F5CC34063}
		{5869752F-D607-4EA8-AEBF-7F0371908B61} = {D9ED2996-56EB-4D8F-B92C-2F440E6DAEF8}
		{938A9817-B442-4EB7-ADAE-06D783CAE7BB} = {58748D27-B582-4E9A-95AC-B3F621342496}
		{1BB59FF7-3742-4E2F-A83E-7779D27D3FC0} = {D9ED2996-56EB-4D8F-B92C-2F440E6DAEF8}
		{62EA47D2-8F0C-4E15-84A3-F94E66E914AB} = {F4493D1A-CD26-442A-AF5C-4CDF3B21E282}
	EndGlobalSection
	GlobalSection(ExtensibilityGlobals) = postSolution
		SolutionGuid = {F298B443-8052-4509-B810-2191A5C06F18}
	EndGlobalSection
EndGlobal
